
Microsoft Visual Studio Solution File, Format Version 12.00
# Visual Studio 15
VisualStudioVersion = 15.0.26430.12
MinimumVisualStudioVersion = 10.0.40219.1
Project("{FAE04EC0-301F-11D3-BF4B-00C04F79EFBC}") = "ERP_APP1_IS2_HistoriasClinicas", "ERP_APP1_IS2_HistoriasClinicas\ERP_APP1_IS2_HistoriasClinicas.csproj", "{7D5B5A82-96A8-4D64-A2F4-B2D5F9074D28}"
EndProject
Project("{E24C65DC-7377-472B-9ABA-BC803B73C61A}") = "ServiciosDistribuidos_ERP_APP1_IS2_HistoriasClinicas", "..\..\ServiciosDistribuidos_ERP_APP1_IS2_HistoriasClinicas\", "{567523F9-32B5-4BC3-B556-AC9B725CF2CC}"
	ProjectSection(WebsiteProperties) = preProject
		TargetFrameworkMoniker = ".NETFramework,Version%3Dv4.0"
		Debug.AspNetCompiler.VirtualPath = "/localhost_34638"
		Debug.AspNetCompiler.PhysicalPath = "..\..\ServiciosDistribuidos_ERP_APP1_IS2_HistoriasClinicas\"
		Debug.AspNetCompiler.TargetPath = "PrecompiledWeb\localhost_34638\"
		Debug.AspNetCompiler.Updateable = "true"
		Debug.AspNetCompiler.ForceOverwrite = "true"
		Debug.AspNetCompiler.FixedNames = "false"
		Debug.AspNetCompiler.Debug = "True"
		Release.AspNetCompiler.VirtualPath = "/localhost_34638"
		Release.AspNetCompiler.PhysicalPath = "..\..\ServiciosDistribuidos_ERP_APP1_IS2_HistoriasClinicas\"
		Release.AspNetCompiler.TargetPath = "PrecompiledWeb\localhost_34638\"
		Release.AspNetCompiler.Updateable = "true"
		Release.AspNetCompiler.ForceOverwrite = "true"
		Release.AspNetCompiler.FixedNames = "false"
		Release.AspNetCompiler.Debug = "False"
		VWDPort = "34638"
		SlnRelativePath = "..\..\ServiciosDistribuidos_ERP_APP1_IS2_HistoriasClinicas\"
		DefaultWebSiteLanguage = "Visual C#"
	EndProjectSection
EndProject
Global
	GlobalSection(SolutionConfigurationPlatforms) = preSolution
		Debug|Any CPU = Debug|Any CPU
		Release|Any CPU = Release|Any CPU
	EndGlobalSection
	GlobalSection(ProjectConfigurationPlatforms) = postSolution
		{7D5B5A82-96A8-4D64-A2F4-B2D5F9074D28}.Debug|Any CPU.ActiveCfg = Debug|Any CPU
		{7D5B5A82-96A8-4D64-A2F4-B2D5F9074D28}.Debug|Any CPU.Build.0 = Debug|Any CPU
		{7D5B5A82-96A8-4D64-A2F4-B2D5F9074D28}.Release|Any CPU.ActiveCfg = Release|Any CPU
		{7D5B5A82-96A8-4D64-A2F4-B2D5F9074D28}.Release|Any CPU.Build.0 = Release|Any CPU
		{567523F9-32B5-4BC3-B556-AC9B725CF2CC}.Debug|Any CPU.ActiveCfg = Debug|Any CPU
		{567523F9-32B5-4BC3-B556-AC9B725CF2CC}.Debug|Any CPU.Build.0 = Debug|Any CPU
		{567523F9-32B5-4BC3-B556-AC9B725CF2CC}.Release|Any CPU.ActiveCfg = Debug|Any CPU
		{567523F9-32B5-4BC3-B556-AC9B725CF2CC}.Release|Any CPU.Build.0 = Debug|Any CPU
	EndGlobalSection
	GlobalSection(SolutionProperties) = preSolution
		HideSolutionNode = FALSE
	EndGlobalSection
	GlobalSection(ExtensibilityGlobals) = postSolution
		SolutionGuid = {DC2BFBC8-0756-467C-9090-51C579F79BB8}
	EndGlobalSection
EndGlobal
