
Microsoft Visual Studio Solution File, Format Version 12.00
# Visual Studio 15
VisualStudioVersion = 15.0.26430.12
MinimumVisualStudioVersion = 10.0.40219.1
Project("{FAE04EC0-301F-11D3-BF4B-00C04F79EFBC}") = "ERP_HistoriasClinicas", "ERP_HistoriasClinicas\ERP_HistoriasClinicas.csproj", "{FA608374-BC5C-4CDC-BAD8-657C521881DE}"
EndProject
Project("{E24C65DC-7377-472B-9ABA-BC803B73C61A}") = "ServiciosDistribuidos_ERP_HistoriasClinicas", "..\ServiciosDistribuidos_ERP_HistoriasClinicas\", "{2A048AE0-764F-43CA-975D-49CC8EED431D}"
	ProjectSection(WebsiteProperties) = preProject
		TargetFrameworkMoniker = ".NETFramework,Version%3Dv4.0"
		ProjectReferences = "{fa608374-bc5c-4cdc-bad8-657c521881de}|ERP_HistoriasClinicas.dll;"
		Debug.AspNetCompiler.VirtualPath = "/localhost_4372"
		Debug.AspNetCompiler.PhysicalPath = "..\ServiciosDistribuidos_ERP_HistoriasClinicas\"
		Debug.AspNetCompiler.TargetPath = "PrecompiledWeb\localhost_4372\"
		Debug.AspNetCompiler.Updateable = "true"
		Debug.AspNetCompiler.ForceOverwrite = "true"
		Debug.AspNetCompiler.FixedNames = "false"
		Debug.AspNetCompiler.Debug = "True"
		Release.AspNetCompiler.VirtualPath = "/localhost_4372"
		Release.AspNetCompiler.PhysicalPath = "..\ServiciosDistribuidos_ERP_HistoriasClinicas\"
		Release.AspNetCompiler.TargetPath = "PrecompiledWeb\localhost_4372\"
		Release.AspNetCompiler.Updateable = "true"
		Release.AspNetCompiler.ForceOverwrite = "true"
		Release.AspNetCompiler.FixedNames = "false"
		Release.AspNetCompiler.Debug = "False"
		VWDPort = "4372"
		SlnRelativePath = "..\ServiciosDistribuidos_ERP_HistoriasClinicas\"
	EndProjectSection
EndProject
Global
	GlobalSection(SolutionConfigurationPlatforms) = preSolution
		Debug|Any CPU = Debug|Any CPU
		Release|Any CPU = Release|Any CPU
	EndGlobalSection
	GlobalSection(ProjectConfigurationPlatforms) = postSolution
		{FA608374-BC5C-4CDC-BAD8-657C521881DE}.Debug|Any CPU.ActiveCfg = Debug|Any CPU
		{FA608374-BC5C-4CDC-BAD8-657C521881DE}.Debug|Any CPU.Build.0 = Debug|Any CPU
		{FA608374-BC5C-4CDC-BAD8-657C521881DE}.Release|Any CPU.ActiveCfg = Release|Any CPU
		{FA608374-BC5C-4CDC-BAD8-657C521881DE}.Release|Any CPU.Build.0 = Release|Any CPU
		{2A048AE0-764F-43CA-975D-49CC8EED431D}.Debug|Any CPU.ActiveCfg = Debug|Any CPU
		{2A048AE0-764F-43CA-975D-49CC8EED431D}.Debug|Any CPU.Build.0 = Debug|Any CPU
		{2A048AE0-764F-43CA-975D-49CC8EED431D}.Release|Any CPU.ActiveCfg = Debug|Any CPU
		{2A048AE0-764F-43CA-975D-49CC8EED431D}.Release|Any CPU.Build.0 = Debug|Any CPU
	EndGlobalSection
	GlobalSection(SolutionProperties) = preSolution
		HideSolutionNode = FALSE
	EndGlobalSection
EndGlobal
